
Microsoft Visual Studio Solution File, Format Version 12.00
# Visual Studio 15
VisualStudioVersion = 15.0.28307.645
MinimumVisualStudioVersion = 10.0.40219.1
Project("{FAE04EC0-301F-11D3-BF4B-00C04F79EFBC}") = "YachtKlubas", "YachtKlubas\YachtKlubas.csproj", "{11FEBEB0-E26E-43F9-A8F9-77CE1BFF382A}"
EndProject
Global
	GlobalSection(SolutionConfigurationPlatforms) = preSolution
		Debug|Any CPU = Debug|Any CPU
		Release|Any CPU = Release|Any CPU
	EndGlobalSection
	GlobalSection(ProjectConfigurationPlatforms) = postSolution
		{11FEBEB0-E26E-43F9-A8F9-77CE1BFF382A}.Debug|Any CPU.ActiveCfg = Debug|Any CPU
		{11FEBEB0-E26E-43F9-A8F9-77CE1BFF382A}.Debug|Any CPU.Build.0 = Debug|Any CPU
		{11FEBEB0-E26E-43F9-A8F9-77CE1BFF382A}.Release|Any CPU.ActiveCfg = Release|Any CPU
		{11FEBEB0-E26E-43F9-A8F9-77CE1BFF382A}.Release|Any CPU.Build.0 = Release|Any CPU
	EndGlobalSection
	GlobalSection(SolutionProperties) = preSolution
		HideSolutionNode = FALSE
	EndGlobalSection
	GlobalSection(ExtensibilityGlobals) = postSolution
		SolutionGuid = {D9CD82B1-243C-45E8-BEEE-694583E4555A}
	EndGlobalSection
EndGlobal
